Microsoft Visual Studio Solution File, Format Version 12.00
# Visual Studio Express 2012 for Windows Desktop
Project("{8BC9CEB8-8B4A-11D0-8D11-00A0C91BC942}") = "simuladorMoto3", "simuladorMoto3.vcxproj", "{3AF1CAD8-07A4-4325-B217-55D718E75747}"
EndProject
Project("{8BC9CEB8-8B4A-11D0-8D11-00A0C91BC942}") = "openframeworksLib", "..\..\..\libs\openFrameworksCompiled\project\vs\openframeworksLib.vcxproj", "{4DFB5FF7-0C44-4235-BF38-A20A67E22AFD}"
EndProject
Global
	GlobalSection(SolutionConfigurationPlatforms) = preSolution
		Debug|Win32 = Debug|Win32
		Debug|x64 = Debug|x64
		Release|Win32 = Release|Win32
		Release|x64 = Release|x64
	EndGlobalSection
	GlobalSection(ProjectConfigurationPlatforms) = postSolution
		{3AF1CAD8-07A4-4325-B217-55D718E75747}.Debug|Win32.ActiveCfg = Debug|Win32
		{3AF1CAD8-07A4-4325-B217-55D718E75747}.Debug|Win32.Build.0 = Debug|Win32
		{3AF1CAD8-07A4-4325-B217-55D718E75747}.Debug|x64.ActiveCfg = Debug|x64
		{3AF1CAD8-07A4-4325-B217-55D718E75747}.Debug|x64.Build.0 = Debug|x64
		{3AF1CAD8-07A4-4325-B217-55D718E75747}.Release|Win32.ActiveCfg = Release|Win32
		{3AF1CAD8-07A4-4325-B217-55D718E75747}.Release|Win32.Build.0 = Release|Win32
		{3AF1CAD8-07A4-4325-B217-55D718E75747}.Release|x64.ActiveCfg = Release|x64
		{3AF1CAD8-07A4-4325-B217-55D718E75747}.Release|x64.Build.0 = Release|x64
		{4DFB5FF7-0C44-4235-BF38-A20A67E22AFD}.Debug|Win32.ActiveCfg = Debug|Win32
		{4DFB5FF7-0C44-4235-BF38-A20A67E22AFD}.Debug|Win32.Build.0 = Debug|Win32
		{4DFB5FF7-0C44-4235-BF38-A20A67E22AFD}.Debug|x64.ActiveCfg = Debug|x64
		{4DFB5FF7-0C44-4235-BF38-A20A67E22AFD}.Debug|x64.Build.0 = Debug|x64
		{4DFB5FF7-0C44-4235-BF38-A20A67E22AFD}.Release|Win32.ActiveCfg = Release|Win32
		{4DFB5FF7-0C44-4235-BF38-A20A67E22AFD}.Release|Win32.Build.0 = Release|Win32
		{4DFB5FF7-0C44-4235-BF38-A20A67E22AFD}.Release|x64.ActiveCfg = Release|x64
		{4DFB5FF7-0C44-4235-BF38-A20A67E22AFD}.Release|x64.Build.0 = Release|x64
	EndGlobalSection
	GlobalSection(SolutionProperties) = preSolution
		HideSolutionNode = FALSE
	EndGlobalSection
EndGlobal
